# THIS IS AN AUTOGENERATED FILE. DO NOT EDIT THIS FILE DIRECTLY.
# yarn lockfile v1


"@reduxjs/toolkit@^2.2.1":
  version "2.2.1"
  resolved "https://registry.yarnpkg.com/@reduxjs/toolkit/-/toolkit-2.2.1.tgz#3dce4906fb33da9e0122468ef21438dd7f2277a9"
  integrity sha512-8CREoqJovQW/5I4yvvijm/emUiCCmcs4Ev4XPWd4mizSO+dD3g5G6w34QK5AGeNrSH7qM8Fl66j4vuV7dpOdkw==
  dependencies:
    immer "^10.0.3"
    redux "^5.0.1"
    redux-thunk "^3.1.0"
    reselect "^5.0.1"

immer@^10.0.3:
  version "10.0.3"
  resolved "https://registry.yarnpkg.com/immer/-/immer-10.0.3.tgz#a8de42065e964aa3edf6afc282dfc7f7f34ae3c9"
  integrity sha512-pwupu3eWfouuaowscykeckFmVTpqbzW+rXFCX8rQLkZzM9ftBmU/++Ra+o+L27mz03zJTlyV4UUr+fdKNffo4A==

redux-thunk@^3.1.0:
  version "3.1.0"
  resolved "https://registry.yarnpkg.com/redux-thunk/-/redux-thunk-3.1.0.tgz#94aa6e04977c30e14e892eae84978c1af6058ff3"
  integrity sha512-NW2r5T6ksUKXCabzhL9z+h206HQw/NJkcLm1GPImRQ8IzfXwRGqjVhKJGauHirT0DAuyy6hjdnMZaRoAcy0Klw==

redux@^5.0.1:
  version "5.0.1"
  resolved "https://registry.yarnpkg.com/redux/-/redux-5.0.1.tgz#97fa26881ce5746500125585d5642c77b6e9447b"
  integrity sha512-M9/ELqF6fy8FwmkpnF0S3YKOqMyoWJ4+CS5Efg2ct3oY9daQvd/Pc71FpGZsVsbl3Cpb+IIcjBDUnnyBdQbq4w==

reselect@^5.0.1:
  version "5.1.0"
  resolved "https://registry.yarnpkg.com/reselect/-/reselect-5.1.0.tgz#c479139ab9dd91be4d9c764a7f3868210ef8cd21"
  integrity sha512-aw7jcGLDpSgNDyWBQLv2cedml85qd95/iszJjN988zX1t7AVRJi19d9kto5+W7oCfQ94gyo40dVbT6g2k4/kXg==
